
Microsoft Visual Studio Solution File, Format Version 12.00
# Visual Studio Version 17
VisualStudioVersion = 17.7.34031.279
MinimumVisualStudioVersion = 10.0.40219.1
Project("{FAE04EC0-301F-11D3-BF4B-00C04F79EFBC}") = "TaskManagementSystem.WebApi", "TaskManagementSystem.WebApi\TaskManagementSystem.WebApi.csproj", "{24B99DAC-F982-48C8-B707-849AC41DC201}"
EndProject
Project("{FAE04EC0-301F-11D3-BF4B-00C04F79EFBC}") = "TaskManagementSystem.Core", "TaskManagementSystem.Core\TaskManagementSystem.Core.csproj", "{FEA670A6-F72E-4195-BF01-34D459A13AEF}"
EndProject
Project("{FAE04EC0-301F-11D3-BF4B-00C04F79EFBC}") = "TaskManagementSystem.DataAccess", "TaskManagementSystem.DataAccess\TaskManagementSystem.DataAccess.csproj", "{AB9E76DF-379A-4C26-9C24-B1CF27603CCF}"
EndProject
Global
	GlobalSection(SolutionConfigurationPlatforms) = preSolution
		Debug|Any CPU = Debug|Any CPU
		Release|Any CPU = Release|Any CPU
	EndGlobalSection
	GlobalSection(ProjectConfigurationPlatforms) = postSolution
		{24B99DAC-F982-48C8-B707-849AC41DC201}.Debug|Any CPU.ActiveCfg = Debug|Any CPU
		{24B99DAC-F982-48C8-B707-849AC41DC201}.Debug|Any CPU.Build.0 = Debug|Any CPU
		{24B99DAC-F982-48C8-B707-849AC41DC201}.Release|Any CPU.ActiveCfg = Release|Any CPU
		{24B99DAC-F982-48C8-B707-849AC41DC201}.Release|Any CPU.Build.0 = Release|Any CPU
		{FEA670A6-F72E-4195-BF01-34D459A13AEF}.Debug|Any CPU.ActiveCfg = Debug|Any CPU
		{FEA670A6-F72E-4195-BF01-34D459A13AEF}.Debug|Any CPU.Build.0 = Debug|Any CPU
		{FEA670A6-F72E-4195-BF01-34D459A13AEF}.Release|Any CPU.ActiveCfg = Release|Any CPU
		{FEA670A6-F72E-4195-BF01-34D459A13AEF}.Release|Any CPU.Build.0 = Release|Any CPU
		{AB9E76DF-379A-4C26-9C24-B1CF27603CCF}.Debug|Any CPU.ActiveCfg = Debug|Any CPU
		{AB9E76DF-379A-4C26-9C24-B1CF27603CCF}.Debug|Any CPU.Build.0 = Debug|Any CPU
		{AB9E76DF-379A-4C26-9C24-B1CF27603CCF}.Release|Any CPU.ActiveCfg = Release|Any CPU
		{AB9E76DF-379A-4C26-9C24-B1CF27603CCF}.Release|Any CPU.Build.0 = Release|Any CPU
	EndGlobalSection
	GlobalSection(SolutionProperties) = preSolution
		HideSolutionNode = FALSE
	EndGlobalSection
	GlobalSection(ExtensibilityGlobals) = postSolution
		SolutionGuid = {ED4C4461-99B1-4D3B-8C98-140C40009BD8}
	EndGlobalSection
EndGlobal
